
Microsoft Visual Studio Solution File, Format Version 12.00
# Visual Studio Version 16
VisualStudioVersion = 16.0.29613.14
MinimumVisualStudioVersion = 10.0.40219.1
Project("{FAE04EC0-301F-11D3-BF4B-00C04F79EFBC}") = "NLSz", "NLSz\NLSz.csproj", "{0DD67C04-25C9-4A73-A367-B0E0F7BB3CA0}"
EndProject
Global
	GlobalSection(SolutionConfigurationPlatforms) = preSolution
		Debug|Any CPU = Debug|Any CPU
		Release|Any CPU = Release|Any CPU
	EndGlobalSection
	GlobalSection(ProjectConfigurationPlatforms) = postSolution
		{0DD67C04-25C9-4A73-A367-B0E0F7BB3CA0}.Debug|Any CPU.ActiveCfg = Debug|Any CPU
		{0DD67C04-25C9-4A73-A367-B0E0F7BB3CA0}.Debug|Any CPU.Build.0 = Debug|Any CPU
		{0DD67C04-25C9-4A73-A367-B0E0F7BB3CA0}.Release|Any CPU.ActiveCfg = Release|Any CPU
		{0DD67C04-25C9-4A73-A367-B0E0F7BB3CA0}.Release|Any CPU.Build.0 = Release|Any CPU
	EndGlobalSection
	GlobalSection(SolutionProperties) = preSolution
		HideSolutionNode = FALSE
	EndGlobalSection
	GlobalSection(ExtensibilityGlobals) = postSolution
		SolutionGuid = {2C47A517-5C67-4026-9496-3596B82FDDF7}
	EndGlobalSection
EndGlobal
