
Microsoft Visual Studio Solution File, Format Version 12.00
# Visual Studio Version 17
VisualStudioVersion = 17.14.36623.8 d17.14
MinimumVisualStudioVersion = 10.0.40219.1
Project("{FAE04EC0-301F-11D3-BF4B-00C04F79EFBC}") = "GombHopp", "GombHopp\GombHopp.csproj", "{CE35F73D-1A41-4800-8D25-DCD699A95ED5}"
EndProject
Global
	GlobalSection(SolutionConfigurationPlatforms) = preSolution
		Debug|Any CPU = Debug|Any CPU
		Release|Any CPU = Release|Any CPU
	EndGlobalSection
	GlobalSection(ProjectConfigurationPlatforms) = postSolution
		{CE35F73D-1A41-4800-8D25-DCD699A95ED5}.Debug|Any CPU.ActiveCfg = Debug|Any CPU
		{CE35F73D-1A41-4800-8D25-DCD699A95ED5}.Debug|Any CPU.Build.0 = Debug|Any CPU
		{CE35F73D-1A41-4800-8D25-DCD699A95ED5}.Release|Any CPU.ActiveCfg = Release|Any CPU
		{CE35F73D-1A41-4800-8D25-DCD699A95ED5}.Release|Any CPU.Build.0 = Release|Any CPU
	EndGlobalSection
	GlobalSection(SolutionProperties) = preSolution
		HideSolutionNode = FALSE
	EndGlobalSection
	GlobalSection(ExtensibilityGlobals) = postSolution
		SolutionGuid = {DE677D1C-9580-4FB3-BDE2-5937E184E2D1}
	EndGlobalSection
EndGlobal
