
Microsoft Visual Studio Solution File, Format Version 12.00
# Visual Studio Version 16
VisualStudioVersion = 16.0.33529.622
MinimumVisualStudioVersion = 10.0.40219.1
Project("{FAE04EC0-301F-11D3-BF4B-00C04F79EFBC}") = "ki-iratasok-hazik", "ki-iratasok-hazik\ki-iratasok-hazik.csproj", "{9C3B5743-BBBA-4B5C-8191-8BF75B45EFFA}"
EndProject
Global
	GlobalSection(SolutionConfigurationPlatforms) = preSolution
		Debug|Any CPU = Debug|Any CPU
		Release|Any CPU = Release|Any CPU
	EndGlobalSection
	GlobalSection(ProjectConfigurationPlatforms) = postSolution
		{9C3B5743-BBBA-4B5C-8191-8BF75B45EFFA}.Debug|Any CPU.ActiveCfg = Debug|Any CPU
		{9C3B5743-BBBA-4B5C-8191-8BF75B45EFFA}.Debug|Any CPU.Build.0 = Debug|Any CPU
		{9C3B5743-BBBA-4B5C-8191-8BF75B45EFFA}.Release|Any CPU.ActiveCfg = Release|Any CPU
		{9C3B5743-BBBA-4B5C-8191-8BF75B45EFFA}.Release|Any CPU.Build.0 = Release|Any CPU
	EndGlobalSection
	GlobalSection(SolutionProperties) = preSolution
		HideSolutionNode = FALSE
	EndGlobalSection
	GlobalSection(ExtensibilityGlobals) = postSolution
		SolutionGuid = {037F4FD6-0F4A-4DC2-B6D3-6CA4895670DD}
	EndGlobalSection
EndGlobal
