
Microsoft Visual Studio Solution File, Format Version 12.00
# Visual Studio Version 16
VisualStudioVersion = 16.0.29613.14
MinimumVisualStudioVersion = 10.0.40219.1
Project("{FAE04EC0-301F-11D3-BF4B-00C04F79EFBC}") = "OOP_Bevezeto", "OOP_Bevezeto\OOP_Bevezeto.csproj", "{1C2DA801-98F0-41B8-AE44-71066AC168A0}"
EndProject
Global
	GlobalSection(SolutionConfigurationPlatforms) = preSolution
		Debug|Any CPU = Debug|Any CPU
		Release|Any CPU = Release|Any CPU
	EndGlobalSection
	GlobalSection(ProjectConfigurationPlatforms) = postSolution
		{1C2DA801-98F0-41B8-AE44-71066AC168A0}.Debug|Any CPU.ActiveCfg = Debug|Any CPU
		{1C2DA801-98F0-41B8-AE44-71066AC168A0}.Debug|Any CPU.Build.0 = Debug|Any CPU
		{1C2DA801-98F0-41B8-AE44-71066AC168A0}.Release|Any CPU.ActiveCfg = Release|Any CPU
		{1C2DA801-98F0-41B8-AE44-71066AC168A0}.Release|Any CPU.Build.0 = Release|Any CPU
	EndGlobalSection
	GlobalSection(SolutionProperties) = preSolution
		HideSolutionNode = FALSE
	EndGlobalSection
	GlobalSection(ExtensibilityGlobals) = postSolution
		SolutionGuid = {EBE9E1D1-7BE6-4C3E-9282-B71D06F154D1}
	EndGlobalSection
EndGlobal
