
Microsoft Visual Studio Solution File, Format Version 12.00
# Visual Studio Version 17
VisualStudioVersion = 17.14.36623.8 d17.14
MinimumVisualStudioVersion = 10.0.40219.1
Project("{FAE04EC0-301F-11D3-BF4B-00C04F79EFBC}") = "sok_gombos", "sok_gombos\sok_gombos.csproj", "{A342F3A1-E9D0-4BD2-A9C7-21F5FDA4856F}"
EndProject
Global
	GlobalSection(SolutionConfigurationPlatforms) = preSolution
		Debug|Any CPU = Debug|Any CPU
		Release|Any CPU = Release|Any CPU
	EndGlobalSection
	GlobalSection(ProjectConfigurationPlatforms) = postSolution
		{A342F3A1-E9D0-4BD2-A9C7-21F5FDA4856F}.Debug|Any CPU.ActiveCfg = Debug|Any CPU
		{A342F3A1-E9D0-4BD2-A9C7-21F5FDA4856F}.Debug|Any CPU.Build.0 = Debug|Any CPU
		{A342F3A1-E9D0-4BD2-A9C7-21F5FDA4856F}.Release|Any CPU.ActiveCfg = Release|Any CPU
		{A342F3A1-E9D0-4BD2-A9C7-21F5FDA4856F}.Release|Any CPU.Build.0 = Release|Any CPU
	EndGlobalSection
	GlobalSection(SolutionProperties) = preSolution
		HideSolutionNode = FALSE
	EndGlobalSection
	GlobalSection(ExtensibilityGlobals) = postSolution
		SolutionGuid = {14D2AC7C-231D-4758-9171-19495129E9E4}
	EndGlobalSection
EndGlobal
