
Microsoft Visual Studio Solution File, Format Version 12.00
# Visual Studio Version 17
VisualStudioVersion = 17.14.36623.8 d17.14
MinimumVisualStudioVersion = 10.0.40219.1
Project("{FAE04EC0-301F-11D3-BF4B-00C04F79EFBC}") = "unitTestSajat", "unitTestSajat\unitTestSajat.csproj", "{F4FDBBEE-0DEC-45F4-93E5-4851DC238849}"
EndProject
Project("{FAE04EC0-301F-11D3-BF4B-00C04F79EFBC}") = "gyepteszt", "gyepteszt\gyepteszt.csproj", "{7A989A6A-0E16-4CBD-BF6B-F36F6129A7A7}"
EndProject
Global
	GlobalSection(SolutionConfigurationPlatforms) = preSolution
		Debug|Any CPU = Debug|Any CPU
		Release|Any CPU = Release|Any CPU
	EndGlobalSection
	GlobalSection(ProjectConfigurationPlatforms) = postSolution
		{F4FDBBEE-0DEC-45F4-93E5-4851DC238849}.Debug|Any CPU.ActiveCfg = Debug|Any CPU
		{F4FDBBEE-0DEC-45F4-93E5-4851DC238849}.Debug|Any CPU.Build.0 = Debug|Any CPU
		{F4FDBBEE-0DEC-45F4-93E5-4851DC238849}.Release|Any CPU.ActiveCfg = Release|Any CPU
		{F4FDBBEE-0DEC-45F4-93E5-4851DC238849}.Release|Any CPU.Build.0 = Release|Any CPU
		{7A989A6A-0E16-4CBD-BF6B-F36F6129A7A7}.Debug|Any CPU.ActiveCfg = Debug|Any CPU
		{7A989A6A-0E16-4CBD-BF6B-F36F6129A7A7}.Debug|Any CPU.Build.0 = Debug|Any CPU
		{7A989A6A-0E16-4CBD-BF6B-F36F6129A7A7}.Release|Any CPU.ActiveCfg = Release|Any CPU
		{7A989A6A-0E16-4CBD-BF6B-F36F6129A7A7}.Release|Any CPU.Build.0 = Release|Any CPU
	EndGlobalSection
	GlobalSection(SolutionProperties) = preSolution
		HideSolutionNode = FALSE
	EndGlobalSection
	GlobalSection(ExtensibilityGlobals) = postSolution
		SolutionGuid = {4979E0EC-4B67-4A9E-AC8C-393FD5580DBE}
	EndGlobalSection
EndGlobal
