
Microsoft Visual Studio Solution File, Format Version 12.00
# Visual Studio Version 16
VisualStudioVersion = 16.0.29613.14
MinimumVisualStudioVersion = 10.0.40219.1
Project("{FAE04EC0-301F-11D3-BF4B-00C04F79EFBC}") = "FÜGGVÉNYEK", "FÜGGVÉNYEK\FÜGGVÉNYEK.csproj", "{9991E638-423A-4AEA-BE9D-3A1FD7AE441B}"
EndProject
Global
	GlobalSection(SolutionConfigurationPlatforms) = preSolution
		Debug|Any CPU = Debug|Any CPU
		Release|Any CPU = Release|Any CPU
	EndGlobalSection
	GlobalSection(ProjectConfigurationPlatforms) = postSolution
		{9991E638-423A-4AEA-BE9D-3A1FD7AE441B}.Debug|Any CPU.ActiveCfg = Debug|Any CPU
		{9991E638-423A-4AEA-BE9D-3A1FD7AE441B}.Debug|Any CPU.Build.0 = Debug|Any CPU
		{9991E638-423A-4AEA-BE9D-3A1FD7AE441B}.Release|Any CPU.ActiveCfg = Release|Any CPU
		{9991E638-423A-4AEA-BE9D-3A1FD7AE441B}.Release|Any CPU.Build.0 = Release|Any CPU
	EndGlobalSection
	GlobalSection(SolutionProperties) = preSolution
		HideSolutionNode = FALSE
	EndGlobalSection
	GlobalSection(ExtensibilityGlobals) = postSolution
		SolutionGuid = {98A71673-282D-4CE3-B7AF-0E9DE198D33F}
	EndGlobalSection
EndGlobal
