
Microsoft Visual Studio Solution File, Format Version 12.00
# Visual Studio Version 16
VisualStudioVersion = 16.0.29613.14
MinimumVisualStudioVersion = 10.0.40219.1
Project("{FAE04EC0-301F-11D3-BF4B-00C04F79EFBC}") = "Bank", "Bank\Bank.csproj", "{99B26D39-0467-4C6E-8D0D-D9F3F70B2A12}"
EndProject
Project("{FAE04EC0-301F-11D3-BF4B-00C04F79EFBC}") = "BankTests", "..\BankTests\BankTests.csproj", "{0365A7D1-CE4F-49B3-9A15-13D5EE0DAB1C}"
EndProject
Global
	GlobalSection(SolutionConfigurationPlatforms) = preSolution
		Debug|Any CPU = Debug|Any CPU
		Release|Any CPU = Release|Any CPU
	EndGlobalSection
	GlobalSection(ProjectConfigurationPlatforms) = postSolution
		{99B26D39-0467-4C6E-8D0D-D9F3F70B2A12}.Debug|Any CPU.ActiveCfg = Debug|Any CPU
		{99B26D39-0467-4C6E-8D0D-D9F3F70B2A12}.Debug|Any CPU.Build.0 = Debug|Any CPU
		{99B26D39-0467-4C6E-8D0D-D9F3F70B2A12}.Release|Any CPU.ActiveCfg = Release|Any CPU
		{99B26D39-0467-4C6E-8D0D-D9F3F70B2A12}.Release|Any CPU.Build.0 = Release|Any CPU
		{0365A7D1-CE4F-49B3-9A15-13D5EE0DAB1C}.Debug|Any CPU.ActiveCfg = Debug|Any CPU
		{0365A7D1-CE4F-49B3-9A15-13D5EE0DAB1C}.Debug|Any CPU.Build.0 = Debug|Any CPU
		{0365A7D1-CE4F-49B3-9A15-13D5EE0DAB1C}.Release|Any CPU.ActiveCfg = Release|Any CPU
		{0365A7D1-CE4F-49B3-9A15-13D5EE0DAB1C}.Release|Any CPU.Build.0 = Release|Any CPU
	EndGlobalSection
	GlobalSection(SolutionProperties) = preSolution
		HideSolutionNode = FALSE
	EndGlobalSection
	GlobalSection(ExtensibilityGlobals) = postSolution
		SolutionGuid = {FA4CB1A5-5C1E-43C6-93E0-6A1CF2D9EEB6}
	EndGlobalSection
EndGlobal
