
Microsoft Visual Studio Solution File, Format Version 12.00
# Visual Studio Version 16
VisualStudioVersion = 16.0.29613.14
MinimumVisualStudioVersion = 10.0.40219.1
Project("{FAE04EC0-301F-11D3-BF4B-00C04F79EFBC}") = "cbradio", "cbradio\cbradio.csproj", "{65FB23EE-BDC5-415B-9E79-06DE2E541820}"
EndProject
Project("{2150E333-8FDC-42A3-9474-1A3956D46DE8}") = "Solution Items", "Solution Items", "{0F948D36-4E89-4DF9-880A-8BD97F576C63}"
	ProjectSection(SolutionItems) = preProject
		..\cb.txt = ..\cb.txt
	EndProjectSection
EndProject
Global
	GlobalSection(SolutionConfigurationPlatforms) = preSolution
		Debug|Any CPU = Debug|Any CPU
		Release|Any CPU = Release|Any CPU
	EndGlobalSection
	GlobalSection(ProjectConfigurationPlatforms) = postSolution
		{65FB23EE-BDC5-415B-9E79-06DE2E541820}.Debug|Any CPU.ActiveCfg = Debug|Any CPU
		{65FB23EE-BDC5-415B-9E79-06DE2E541820}.Debug|Any CPU.Build.0 = Debug|Any CPU
		{65FB23EE-BDC5-415B-9E79-06DE2E541820}.Release|Any CPU.ActiveCfg = Release|Any CPU
		{65FB23EE-BDC5-415B-9E79-06DE2E541820}.Release|Any CPU.Build.0 = Release|Any CPU
	EndGlobalSection
	GlobalSection(SolutionProperties) = preSolution
		HideSolutionNode = FALSE
	EndGlobalSection
	GlobalSection(ExtensibilityGlobals) = postSolution
		SolutionGuid = {ECCFBF5B-22D8-475B-A564-208D3943EA0C}
	EndGlobalSection
EndGlobal
