
Microsoft Visual Studio Solution File, Format Version 12.00
# Visual Studio Version 17
VisualStudioVersion = 17.14.36518.9 d17.14
MinimumVisualStudioVersion = 10.0.40219.1
Project("{FAE04EC0-301F-11D3-BF4B-00C04F79EFBC}") = "Fuggohidak2", "Fuggohidak2\Fuggohidak2.csproj", "{E67C4B57-E802-4019-94E9-C352A0DB75B7}"
EndProject
Global
	GlobalSection(SolutionConfigurationPlatforms) = preSolution
		Debug|Any CPU = Debug|Any CPU
		Release|Any CPU = Release|Any CPU
	EndGlobalSection
	GlobalSection(ProjectConfigurationPlatforms) = postSolution
		{E67C4B57-E802-4019-94E9-C352A0DB75B7}.Debug|Any CPU.ActiveCfg = Debug|Any CPU
		{E67C4B57-E802-4019-94E9-C352A0DB75B7}.Debug|Any CPU.Build.0 = Debug|Any CPU
		{E67C4B57-E802-4019-94E9-C352A0DB75B7}.Release|Any CPU.ActiveCfg = Release|Any CPU
		{E67C4B57-E802-4019-94E9-C352A0DB75B7}.Release|Any CPU.Build.0 = Release|Any CPU
	EndGlobalSection
	GlobalSection(SolutionProperties) = preSolution
		HideSolutionNode = FALSE
	EndGlobalSection
	GlobalSection(ExtensibilityGlobals) = postSolution
		SolutionGuid = {3265F1A4-72FE-40EB-B99F-C8FC4724F69B}
	EndGlobalSection
EndGlobal
