
Microsoft Visual Studio Solution File, Format Version 12.00
# Visual Studio Version 17
VisualStudioVersion = 17.14.36518.9
MinimumVisualStudioVersion = 10.0.40219.1
Project("{FAE04EC0-301F-11D3-BF4B-00C04F79EFBC}") = "RealEstate", "RealEstate\RealEstate.csproj", "{D99490BE-D550-48D6-95DA-71AF1264F2D6}"
EndProject
Project("{FAE04EC0-301F-11D3-BF4B-00C04F79EFBC}") = "RealEstateGUI", "RealEstateGUI\RealEstateGUI.csproj", "{6CC17989-88F5-44B3-A96E-2C3C47213067}"
EndProject
Global
	GlobalSection(SolutionConfigurationPlatforms) = preSolution
		Debug|Any CPU = Debug|Any CPU
		Release|Any CPU = Release|Any CPU
	EndGlobalSection
	GlobalSection(ProjectConfigurationPlatforms) = postSolution
		{D99490BE-D550-48D6-95DA-71AF1264F2D6}.Debug|Any CPU.ActiveCfg = Debug|Any CPU
		{D99490BE-D550-48D6-95DA-71AF1264F2D6}.Debug|Any CPU.Build.0 = Debug|Any CPU
		{D99490BE-D550-48D6-95DA-71AF1264F2D6}.Release|Any CPU.ActiveCfg = Release|Any CPU
		{D99490BE-D550-48D6-95DA-71AF1264F2D6}.Release|Any CPU.Build.0 = Release|Any CPU
		{6CC17989-88F5-44B3-A96E-2C3C47213067}.Debug|Any CPU.ActiveCfg = Debug|Any CPU
		{6CC17989-88F5-44B3-A96E-2C3C47213067}.Debug|Any CPU.Build.0 = Debug|Any CPU
		{6CC17989-88F5-44B3-A96E-2C3C47213067}.Release|Any CPU.ActiveCfg = Release|Any CPU
		{6CC17989-88F5-44B3-A96E-2C3C47213067}.Release|Any CPU.Build.0 = Release|Any CPU
	EndGlobalSection
	GlobalSection(SolutionProperties) = preSolution
		HideSolutionNode = FALSE
	EndGlobalSection
	GlobalSection(ExtensibilityGlobals) = postSolution
		SolutionGuid = {66ED515A-E283-400B-98CD-1A1742902028}
	EndGlobalSection
EndGlobal
