
Microsoft Visual Studio Solution File, Format Version 12.00
# Visual Studio Version 17
VisualStudioVersion = 17.14.36518.9 d17.14
MinimumVisualStudioVersion = 10.0.40219.1
Project("{FAE04EC0-301F-11D3-BF4B-00C04F79EFBC}") = "kilepes", "kilepes\kilepes.csproj", "{6CC320A5-6D5B-4CC2-8D16-6181B16B07F7}"
EndProject
Global
	GlobalSection(SolutionConfigurationPlatforms) = preSolution
		Debug|Any CPU = Debug|Any CPU
		Release|Any CPU = Release|Any CPU
	EndGlobalSection
	GlobalSection(ProjectConfigurationPlatforms) = postSolution
		{6CC320A5-6D5B-4CC2-8D16-6181B16B07F7}.Debug|Any CPU.ActiveCfg = Debug|Any CPU
		{6CC320A5-6D5B-4CC2-8D16-6181B16B07F7}.Debug|Any CPU.Build.0 = Debug|Any CPU
		{6CC320A5-6D5B-4CC2-8D16-6181B16B07F7}.Release|Any CPU.ActiveCfg = Release|Any CPU
		{6CC320A5-6D5B-4CC2-8D16-6181B16B07F7}.Release|Any CPU.Build.0 = Release|Any CPU
	EndGlobalSection
	GlobalSection(SolutionProperties) = preSolution
		HideSolutionNode = FALSE
	EndGlobalSection
	GlobalSection(ExtensibilityGlobals) = postSolution
		SolutionGuid = {CBECD90A-565F-4F6F-B173-504A1648EAE7}
	EndGlobalSection
EndGlobal
