
Microsoft Visual Studio Solution File, Format Version 12.00
# Visual Studio Version 16
VisualStudioVersion = 16.0.33529.622
MinimumVisualStudioVersion = 10.0.40219.1
Project("{FAE04EC0-301F-11D3-BF4B-00C04F79EFBC}") = "10x10_szorzótábla", "10x10_szorzótábla\10x10_szorzótábla.csproj", "{672380D0-794B-44A1-A9CC-2407A4B04628}"
EndProject
Global
	GlobalSection(SolutionConfigurationPlatforms) = preSolution
		Debug|Any CPU = Debug|Any CPU
		Release|Any CPU = Release|Any CPU
	EndGlobalSection
	GlobalSection(ProjectConfigurationPlatforms) = postSolution
		{672380D0-794B-44A1-A9CC-2407A4B04628}.Debug|Any CPU.ActiveCfg = Debug|Any CPU
		{672380D0-794B-44A1-A9CC-2407A4B04628}.Debug|Any CPU.Build.0 = Debug|Any CPU
		{672380D0-794B-44A1-A9CC-2407A4B04628}.Release|Any CPU.ActiveCfg = Release|Any CPU
		{672380D0-794B-44A1-A9CC-2407A4B04628}.Release|Any CPU.Build.0 = Release|Any CPU
	EndGlobalSection
	GlobalSection(SolutionProperties) = preSolution
		HideSolutionNode = FALSE
	EndGlobalSection
	GlobalSection(ExtensibilityGlobals) = postSolution
		SolutionGuid = {E9ED9D9E-306B-455B-90CB-CF6DAEF720D1}
	EndGlobalSection
EndGlobal
