
Microsoft Visual Studio Solution File, Format Version 12.00
# Visual Studio Version 16
VisualStudioVersion = 16.0.29613.14
MinimumVisualStudioVersion = 10.0.40219.1
Project("{FAE04EC0-301F-11D3-BF4B-00C04F79EFBC}") = "unitTestSajatTest", "unitTestSajatTest\unitTestSajatTest.csproj", "{7BF32DC7-865C-436A-8D8D-B6AD6BC2A29D}"
EndProject
Global
	GlobalSection(SolutionConfigurationPlatforms) = preSolution
		Debug|Any CPU = Debug|Any CPU
		Release|Any CPU = Release|Any CPU
	EndGlobalSection
	GlobalSection(ProjectConfigurationPlatforms) = postSolution
		{7BF32DC7-865C-436A-8D8D-B6AD6BC2A29D}.Debug|Any CPU.ActiveCfg = Debug|Any CPU
		{7BF32DC7-865C-436A-8D8D-B6AD6BC2A29D}.Debug|Any CPU.Build.0 = Debug|Any CPU
		{7BF32DC7-865C-436A-8D8D-B6AD6BC2A29D}.Release|Any CPU.ActiveCfg = Release|Any CPU
		{7BF32DC7-865C-436A-8D8D-B6AD6BC2A29D}.Release|Any CPU.Build.0 = Release|Any CPU
	EndGlobalSection
	GlobalSection(SolutionProperties) = preSolution
		HideSolutionNode = FALSE
	EndGlobalSection
	GlobalSection(ExtensibilityGlobals) = postSolution
		SolutionGuid = {A49742E5-A644-481D-A9D0-F83E572F83C8}
	EndGlobalSection
EndGlobal
